// !$*UTF8*$!
{
	archiveVersion = 1;
	classes = {
	};
	objectVersion = 55;
	objects = {

/* Begin PBXBuildFile section */
		28E624BD2891E4EB006E2338 /* AppDelegate.swift in Sources */ = {isa = PBXBuildFile; fileRef = 28E624BC2891E4EB006E2338 /* AppDelegate.swift */; };
		28E624BF2891E4EB006E2338 /* SceneDelegate.swift in Sources */ = {isa = PBXBuildFile; fileRef = 28E624BE2891E4EB006E2338 /* SceneDelegate.swift */; };
		28E624C12891E4EB006E2338 /* ViewController.swift in Sources */ = {isa = PBXBuildFile; fileRef = 28E624C02891E4EB006E2338 /* ViewController.swift */; };
		28E624C42891E4EB006E2338 /* Main.storyboard in Resources */ = {isa = PBXBuildFile; fileRef = 28E624C22891E4EB006E2338 /* Main.storyboard */; };
		28E624C62891E4EE006E2338 /* Assets.xcassets in Resources */ = {isa = PBXBuildFile; fileRef = 28E624C52891E4EE006E2338 /* Assets.xcassets */; };
		28E624C92891E4EE006E2338 /* LaunchScreen.storyboard in Resources */ = {isa = PBXBuildFile; fileRef = 28E624C72891E4EE006E2338 /* LaunchScreen.storyboard */; };
		28E624D42891E4EE006E2338 /* PreworkTests.swift in Sources */ = {isa = PBXBuildFile; fileRef = 28E624D32891E4EE006E2338 /* PreworkTests.swift */; };
		28E624DE2891E4EE006E2338 /* PreworkUITests.swift in Sources */ = {isa = PBXBuildFile; fileRef = 28E624DD2891E4EE006E2338 /* PreworkUITests.swift */; };
		28E624E02891E4EE006E2338 /* PreworkUITestsLaunchTests.swift in Sources */ = {isa = PBXBuildFile; fileRef = 28E624DF2891E4EE006E2338 /* PreworkUITestsLaunchTests.swift */; };
		28E624ED28924617006E2338 /* SettingsViewController.swift in Sources */ = {isa = PBXBuildFile; fileRef = 28E624EC28924617006E2338 /* SettingsViewController.swift */; };
		28E624EF28924D52006E2338 /* SettingsViewController.swift in Sources */ = {isa = PBXBuildFile; fileRef = 28E624EE28924D52006E2338 /* SettingsViewController.swift */; };
/* End PBXBuildFile section */

/* Begin PBXContainerItemProxy section */
		28E624D02891E4EE006E2338 /* PBXContainerItemProxy */ = {
			isa = PBXContainerItemProxy;
			containerPortal = 28E624B12891E4EB006E2338 /* Project object */;
			proxyType = 1;
			remoteGlobalIDString = 28E624B82891E4EB006E2338;
			remoteInfo = Prework;
		};
		28E624DA2891E4EE006E2338 /* PBXContainerItemProxy */ = {
			isa = PBXContainerItemProxy;
			containerPortal = 28E624B12891E4EB006E2338 /* Project object */;
			proxyType = 1;
			remoteGlobalIDString = 28E624B82891E4EB006E2338;
			remoteInfo = Prework;
		};
/* End PBXContainerItemProxy section */

/* Begin PBXFileReference section */
		28E624B92891E4EB006E2338 /* Prework.app */ = {isa = PBXFileReference; explicitFileType = wrapper.application; includeInIndex = 0; path = Prework.app; sourceTree = BUILT_PRODUCTS_DIR; };
		28E624BC2891E4EB006E2338 /* AppDelegate.swift */ = {isa = PBXFileReference; lastKnownFileType = sourcecode.swift; path = AppDelegate.swift; sourceTree = "<group>"; };
		28E624BE2891E4EB006E2338 /* SceneDelegate.swift */ = {isa = PBXFileReference; lastKnownFileType = sourcecode.swift; path = SceneDelegate.swift; sourceTree = "<group>"; };
		28E624C02891E4EB006E2338 /* ViewController.swift */ = {isa = PBXFileReference; lastKnownFileType = sourcecode.swift; path = ViewController.swift; sourceTree = "<group>"; };
		28E624C32891E4EB006E2338 /* Base */ = {isa = PBXFileReference; lastKnownFileType = file.storyboard; name = Base; path = Base.lproj/Main.storyboard; sourceTree = "<group>"; };
		28E624C52891E4EE006E2338 /* Assets.xcassets */ = {isa = PBXFileReference; lastKnownFileType = folder.assetcatalog; path = Assets.xcassets; sourceTree = "<group>"; };
		28E624C82891E4EE006E2338 /* Base */ = {isa = PBXFileReference; lastKnownFileType = file.storyboard; name = Base; path = Base.lproj/LaunchScreen.storyboard; sourceTree = "<group>"; };
		28E624CA2891E4EE006E2338 /* Info.plist */ = {isa = PBXFileReference; lastKnownFileType = text.plist.xml; path = Info.plist; sourceTree = "<group>"; };
		28E624CF2891E4EE006E2338 /* PreworkTests.xctest */ = {isa = PBXFileReference; explicitFileType = wrapper.cfbundle; includeInIndex = 0; path = PreworkTests.xctest; sourceTree = BUILT_PRODUCTS_DIR; };
		28E624D32891E4EE006E2338 /* PreworkTests.swift */ = {isa = PBXFileReference; lastKnownFileType = sourcecode.swift; path = PreworkTests.swift; sourceTree = "<group>"; };
		28E624D92891E4EE006E2338 /* PreworkUITests.xctest */ = {isa = PBXFileReference; explicitFileType = wrapper.cfbundle; includeInIndex = 0; path = PreworkUITests.xctest; sourceTree = BUILT_PRODUCTS_DIR; };
		28E624DD2891E4EE006E2338 /* PreworkUITests.swift */ = {isa = PBXFileReference; lastKnownFileType = sourcecode.swift; path = PreworkUITests.swift; sourceTree = "<group>"; };
		28E624DF2891E4EE006E2338 /* PreworkUITestsLaunchTests.swift */ = {isa = PBXFileReference; lastKnownFileType = sourcecode.swift; path = PreworkUITestsLaunchTests.swift; sourceTree = "<group>"; };
		28E624EC28924617006E2338 /* SettingsViewController.swift */ = {isa = PBXFileReference; lastKnownFileType = sourcecode.swift; path = SettingsViewController.swift; sourceTree = "<group>"; };
		28E624EE28924D52006E2338 /* SettingsViewController.swift */ = {isa = PBXFileReference; lastKnownFileType = sourcecode.swift; name = SettingsViewController.swift; path = Prework/SettingsViewController.swift; sourceTree = "<group>"; };
/* End PBXFileReference section */

/* Begin PBXFrameworksBuildPhase section */
		28E624B62891E4EB006E2338 /* Frameworks */ = {
			isa = PBXFrameworksBuildPhase;
			buildActionMask = 2147483647;
			files = (
			);
			runOnlyForDeploymentPostprocessing = 0;
		};
		28E624CC2891E4EE006E2338 /* Frameworks */ = {
			isa = PBXFrameworksBuildPhase;
			buildActionMask = 2147483647;
			files = (
			);
			runOnlyForDeploymentPostprocessing = 0;
		};
		28E624D62891E4EE006E2338 /* Frameworks */ = {
			isa = PBXFrameworksBuildPhase;
			buildActionMask = 2147483647;
			files = (
			);
			runOnlyForDeploymentPostprocessing = 0;
		};
/* End PBXFrameworksBuildPhase section */

/* Begin PBXGroup section */
		28E624B02891E4EB006E2338 = {
			isa = PBXGroup;
			children = (
				28E624EE28924D52006E2338 /* SettingsViewController.swift */,
				28E624BB2891E4EB006E2338 /* Prework */,
				28E624D22891E4EE006E2338 /* PreworkTests */,
				28E624DC2891E4EE006E2338 /* PreworkUITests */,
				28E624BA2891E4EB006E2338 /* Products */,
			);
			sourceTree = "<group>";
		};
		28E624BA2891E4EB006E2338 /* Products */ = {
			isa = PBXGroup;
			children = (
				28E624B92891E4EB006E2338 /* Prework.app */,
				28E624CF2891E4EE006E2338 /* PreworkTests.xctest */,
				28E624D92891E4EE006E2338 /* PreworkUITests.xctest */,
			);
			name = Products;
			sourceTree = "<group>";
		};
		28E624BB2891E4EB006E2338 /* Prework */ = {
			isa = PBXGroup;
			children = (
				28E624EC28924617006E2338 /* SettingsViewController.swift */,
				28E624BC2891E4EB006E2338 /* AppDelegate.swift */,
				28E624BE2891E4EB006E2338 /* SceneDelegate.swift */,
				28E624C02891E4EB006E2338 /* ViewController.swift */,
				28E624C22891E4EB006E2338 /* Main.storyboard */,
				28E624C52891E4EE006E2338 /* Assets.xcassets */,
				28E624C72891E4EE006E2338 /* LaunchScreen.storyboard */,
				28E624CA2891E4EE006E2338 /* Info.plist */,
			);
			path = Prework;
			sourceTree = "<group>";
		};
		28E624D22891E4EE006E2338 /* PreworkTests */ = {
			isa = PBXGroup;
			children = (
				28E624D32891E4EE006E2338 /* PreworkTests.swift */,
			);
			path = PreworkTests;
			sourceTree = "<group>";
		};
		28E624DC2891E4EE006E2338 /* PreworkUITests */ = {
			isa = PBXGroup;
			children = (
				28E624DD2891E4EE006E2338 /* PreworkUITests.swift */,
				28E624DF2891E4EE006E2338 /* PreworkUITestsLaunchTests.swift */,
			);
			path = PreworkUITests;
			sourceTree = "<group>";
		};
/* End PBXGroup section */

/* Begin PBXNativeTarget section */
		28E624B82891E4EB006E2338 /* Prework */ = {
			isa = PBXNativeTarget;
			buildConfigurationList = 28E624E32891E4EE006E2338 /* Build configuration list for PBXNativeTarget "Prework" */;
			buildPhases = (
				28E624B52891E4EB006E2338 /* Sources */,
				28E624B62891E4EB006E2338 /* Frameworks */,
				28E624B72891E4EB006E2338 /* Resources */,
			);
			buildRules = (
			);
			dependencies = (
			);
			name = Prework;
			productName = Prework;
			productReference = 28E624B92891E4EB006E2338 /* Prework.app */;
			productType = "com.apple.product-type.application";
		};
		28E624CE2891E4EE006E2338 /* PreworkTests */ = {
			isa = PBXNativeTarget;
			buildConfigurationList = 28E624E62891E4EE006E2338 /* Build configuration list for PBXNativeTarget "PreworkTests" */;
			buildPhases = (
				28E624CB2891E4EE006E2338 /* Sources */,
				28E624CC2891E4EE006E2338 /* Frameworks */,
				28E624CD2891E4EE006E2338 /* Resources */,
			);
			buildRules = (
			);
			dependencies = (
				28E624D12891E4EE006E2338 /* PBXTargetDependency */,
			);
			name = PreworkTests;
			productName = PreworkTests;
			productReference = 28E624CF2891E4EE006E2338 /* PreworkTests.xctest */;
			productType = "com.apple.product-type.bundle.unit-test";
		};
		28E624D82891E4EE006E2338 /* PreworkUITests */ = {
			isa = PBXNativeTarget;
			buildConfigurationList = 28E624E92891E4EE006E2338 /* Build configuration list for PBXNativeTarget "PreworkUITests" */;
			buildPhases = (
				28E624D52891E4EE006E2338 /* Sources */,
				28E624D62891E4EE006E2338 /* Frameworks */,
				28E624D72891E4EE006E2338 /* Resources */,
			);
			buildRules = (
			);
			dependencies = (
				28E624DB2891E4EE006E2338 /* PBXTargetDependency */,
			);
			name = PreworkUITests;
			productName = PreworkUITests;
			productReference = 28E624D92891E4EE006E2338 /* PreworkUITests.xctest */;
			productType = "com.apple.product-type.bundle.ui-testing";
		};
/* End PBXNativeTarget section */

/* Begin PBXProject section */
		28E624B12891E4EB006E2338 /* Project object */ = {
			isa = PBXProject;
			attributes = {
				BuildIndependentTargetsInParallel = 1;
				LastSwiftUpdateCheck = 1340;
				LastUpgradeCheck = 1340;
				TargetAttributes = {
					28E624B82891E4EB006E2338 = {
						CreatedOnToolsVersion = 13.4.1;
					};
					28E624CE2891E4EE006E2338 = {
						CreatedOnToolsVersion = 13.4.1;
						TestTargetID = 28E624B82891E4EB006E2338;
					};
					28E624D82891E4EE006E2338 = {
						CreatedOnToolsVersion = 13.4.1;
						TestTargetID = 28E624B82891E4EB006E2338;
					};
				};
			};
			buildConfigurationList = 28E624B42891E4EB006E2338 /* Build configuration list for PBXProject "Prework" */;
			compatibilityVersion = "Xcode 13.0";
			developmentRegion = en;
			hasScannedForEncodings = 0;
			knownRegions = (
				en,
				Base,
			);
			mainGroup = 28E624B02891E4EB006E2338;
			productRefGroup = 28E624BA2891E4EB006E2338 /* Products */;
			projectDirPath = "";
			projectRoot = "";
			targets = (
				28E624B82891E4EB006E2338 /* Prework */,
				28E624CE2891E4EE006E2338 /* PreworkTests */,
				28E624D82891E4EE006E2338 /* PreworkUITests */,
			);
		};
/* End PBXProject section */

/* Begin PBXResourcesBuildPhase section */
		28E624B72891E4EB006E2338 /* Resources */ = {
			isa = PBXResourcesBuildPhase;
			buildActionMask = 2147483647;
			files = (
				28E624C92891E4EE006E2338 /* LaunchScreen.storyboard in Resources */,
				28E624C62891E4EE006E2338 /* Assets.xcassets in Resources */,
				28E624C42891E4EB006E2338 /* Main.storyboard in Resources */,
			);
			runOnlyForDeploymentPostprocessing = 0;
		};
		28E624CD2891E4EE006E2338 /* Resources */ = {
			isa = PBXResourcesBuildPhase;
			buildActionMask = 2147483647;
			files = (
			);
			runOnlyForDeploymentPostprocessing = 0;
		};
		28E624D72891E4EE006E2338 /* Resources */ = {
			isa = PBXResourcesBuildPhase;
			buildActionMask = 2147483647;
			files = (
			);
			runOnlyForDeploymentPostprocessing = 0;
		};
/* End PBXResourcesBuildPhase section */

/* Begin PBXSourcesBuildPhase section */
		28E624B52891E4EB006E2338 /* Sources */ = {
			isa = PBXSourcesBuildPhase;
			buildActionMask = 2147483647;
			files = (
				28E624C12891E4EB006E2338 /* ViewController.swift in Sources */,
				28E624BD2891E4EB006E2338 /* AppDelegate.swift in Sources */,
				28E624BF2891E4EB006E2338 /* SceneDelegate.swift in Sources */,
				28E624EF28924D52006E2338 /* SettingsViewController.swift in Sources */,
				28E624ED28924617006E2338 /* SettingsViewController.swift in Sources */,
			);
			runOnlyForDeploymentPostprocessing = 0;
		};
		28E624CB2891E4EE006E2338 /* Sources */ = {
			isa = PBXSourcesBuildPhase;
			buildActionMask = 2147483647;
			files = (
				28E624D42891E4EE006E2338 /* PreworkTests.swift in Sources */,
			);
			runOnlyForDeploymentPostprocessing = 0;
		};
		28E624D52891E4EE006E2338 /* Sources */ = {
			isa = PBXSourcesBuildPhase;
			buildActionMask = 2147483647;
			files = (
				28E624DE2891E4EE006E2338 /* PreworkUITests.swift in Sources */,
				28E624E02891E4EE006E2338 /* PreworkUITestsLaunchTests.swift in Sources */,
			);
			runOnlyForDeploymentPostprocessing = 0;
		};
/* End PBXSourcesBuildPhase section */

/* Begin PBXTargetDependency section */
		28E624D12891E4EE006E2338 /* PBXTargetDependency */ = {
			isa = PBXTargetDependency;
			target = 28E624B82891E4EB006E2338 /* Prework */;
			targetProxy = 28E624D02891E4EE006E2338 /* PBXContainerItemProxy */;
		};
		28E624DB2891E4EE006E2338 /* PBXTargetDependency */ = {
			isa = PBXTargetDependency;
			target = 28E624B82891E4EB006E2338 /* Prework */;
			targetProxy = 28E624DA2891E4EE006E2338 /* PBXContainerItemProxy */;
		};
/* End PBXTargetDependency section */

/* Begin PBXVariantGroup section */
		28E624C22891E4EB006E2338 /* Main.storyboard */ = {
			isa = PBXVariantGroup;
			children = (
				28E624C32891E4EB006E2338 /* Base */,
			);
			name = Main.storyboard;
			sourceTree = "<group>";
		};
		28E624C72891E4EE006E2338 /* LaunchScreen.storyboard */ = {
			isa = PBXVariantGroup;
			children = (
				28E624C82891E4EE006E2338 /* Base */,
			);
			name = LaunchScreen.storyboard;
			sourceTree = "<group>";
		};
/* End PBXVariantGroup section */

/* Begin XCBuildConfiguration section */
		28E624E12891E4EE006E2338 /* Debug */ = {
			isa = XCBuildConfiguration;
			buildSettings = {
				ALWAYS_SEARCH_USER_PATHS = NO;
				CLANG_ANALYZER_NONNULL = YES;
				CLANG_ANALYZER_NUMBER_OBJECT_CONVERSION = YES_AGGRESSIVE;
				CLANG_CXX_LANGUAGE_STANDARD = "gnu++17";
				CLANG_ENABLE_MODULES = YES;
				CLANG_ENABLE_OBJC_ARC = YES;
				CLANG_ENABLE_OBJC_WEAK = YES;
				CLANG_WARN_BLOCK_CAPTURE_AUTORELEASING = YES;
				CLANG_WARN_BOOL_CONVERSION = YES;
				CLANG_WARN_COMMA = YES;
				CLANG_WARN_CONSTANT_CONVERSION = YES;
				CLANG_WARN_DEPRECATED_OBJC_IMPLEMENTATIONS = YES;
				CLANG_WARN_DIRECT_OBJC_ISA_USAGE = YES_ERROR;
				CLANG_WARN_DOCUMENTATION_COMMENTS = YES;
				CLANG_WARN_EMPTY_BODY = YES;
				CLANG_WARN_ENUM_CONVERSION = YES;
				CLANG_WARN_INFINITE_RECURSION = YES;
				CLANG_WARN_INT_CONVERSION = YES;
				CLANG_WARN_NON_LITERAL_NULL_CONVERSION = YES;
				CLANG_WARN_OBJC_IMPLICIT_RETAIN_SELF = YES;
				CLANG_WARN_OBJC_LITERAL_CONVERSION = YES;
				CLANG_WARN_OBJC_ROOT_CLASS = YES_ERROR;
				CLANG_WARN_QUOTED_INCLUDE_IN_FRAMEWORK_HEADER = YES;
				CLANG_WARN_RANGE_LOOP_ANALYSIS = YES;
				CLANG_WARN_STRICT_PROTOTYPES = YES;
				CLANG_WARN_SUSPICIOUS_MOVE = YES;
				CLANG_WARN_UNGUARDED_AVAILABILITY = YES_AGGRESSIVE;
				CLANG_WARN_UNREACHABLE_CODE = YES;
				CLANG_WARN__DUPLICATE_METHOD_MATCH = YES;
				COPY_PHASE_STRIP = NO;
				DEBUG_INFORMATION_FORMAT = dwarf;
				ENABLE_STRICT_OBJC_MSGSEND = YES;
				ENABLE_TESTABILITY = YES;
				GCC_C_LANGUAGE_STANDARD = gnu11;
				GCC_DYNAMIC_NO_PIC = NO;
				GCC_NO_COMMON_BLOCKS = YES;
				GCC_OPTIMIZATION_LEVEL = 0;
				GCC_PREPROCESSOR_DEFINITIONS = (
					"DEBUG=1",
					"$(inherited)",
				);
				GCC_WARN_64_TO_32_BIT_CONVERSION = YES;
				GCC_WARN_ABOUT_RETURN_TYPE = YES_ERROR;
				GCC_WARN_UNDECLARED_SELECTOR = YES;
				GCC_WARN_UNINITIALIZED_AUTOS = YES_AGGRESSIVE;
				GCC_WARN_UNUSED_FUNCTION = YES;
				GCC_WARN_UNUSED_VARIABLE = YES;
				IPHONEOS_DEPLOYMENT_TARGET = 15.5;
				MTL_ENABLE_DEBUG_INFO = INCLUDE_SOURCE;
				MTL_FAST_MATH = YES;
				ONLY_ACTIVE_ARCH = YES;
				SDKROOT = iphoneos;
				SWIFT_ACTIVE_COMPILATION_CONDITIONS = DEBUG;
				SWIFT_OPTIMIZATION_LEVEL = "-Onone";
			};
			name = Debug;
		};
		28E624E22891E4EE006E2338 /* Release */ = {
			isa = XCBuildConfiguration;
			buildSettings = {
				ALWAYS_SEARCH_USER_PATHS = NO;
				CLANG_ANALYZER_NONNULL = YES;
				CLANG_ANALYZER_NUMBER_OBJECT_CONVERSION = YES_AGGRESSIVE;
				CLANG_CXX_LANGUAGE_STANDARD = "gnu++17";
				CLANG_ENABLE_MODULES = YES;
				CLANG_ENABLE_OBJC_ARC = YES;
				CLANG_ENABLE_OBJC_WEAK = YES;
				CLANG_WARN_BLOCK_CAPTURE_AUTORELEASING = YES;
				CLANG_WARN_BOOL_CONVERSION = YES;
				CLANG_WARN_COMMA = YES;
				CLANG_WARN_CONSTANT_CONVERSION = YES;
				CLANG_WARN_DEPRECATED_OBJC_IMPLEMENTATIONS = YES;
				CLANG_WARN_DIRECT_OBJC_ISA_USAGE = YES_ERROR;
				CLANG_WARN_DOCUMENTATION_COMMENTS = YES;
				CLANG_WARN_EMPTY_BODY = YES;
				CLANG_WARN_ENUM_CONVERSION = YES;
				CLANG_WARN_INFINITE_RECURSION = YES;
				CLANG_WARN_INT_CONVERSION = YES;
				CLANG_WARN_NON_LITERAL_NULL_CONVERSION = YES;
				CLANG_WARN_OBJC_IMPLICIT_RETAIN_SELF = YES;
				CLANG_WARN_OBJC_LITERAL_CONVERSION = YES;
				CLANG_WARN_OBJC_ROOT_CLASS = YES_ERROR;
				CLANG_WARN_QUOTED_INCLUDE_IN_FRAMEWORK_HEADER = YES;
				CLANG_WARN_RANGE_LOOP_ANALYSIS = YES;
				CLANG_WARN_STRICT_PROTOTYPES = YES;
				CLANG_WARN_SUSPICIOUS_MOVE = YES;
				CLANG_WARN_UNGUARDED_AVAILABILITY = YES_AGGRESSIVE;
				CLANG_WARN_UNREACHABLE_CODE = YES;
				CLANG_WARN__DUPLICATE_METHOD_MATCH = YES;
				COPY_PHASE_STRIP = NO;
				DEBUG_INFORMATION_FORMAT = "dwarf-with-dsym";
				ENABLE_NS_ASSERTIONS = NO;
				ENABLE_STRICT_OBJC_MSGSEND = YES;
				GCC_C_LANGUAGE_STANDARD = gnu11;
				GCC_NO_COMMON_BLOCKS = YES;
				GCC_WARN_64_TO_32_BIT_CONVERSION = YES;
				GCC_WARN_ABOUT_RETURN_TYPE = YES_ERROR;
				GCC_WARN_UNDECLARED_SELECTOR = YES;
				GCC_WARN_UNINITIALIZED_AUTOS = YES_AGGRESSIVE;
				GCC_WARN_UNUSED_FUNCTION = YES;
				GCC_WARN_UNUSED_VARIABLE = YES;
				IPHONEOS_DEPLOYMENT_TARGET = 15.5;
				MTL_ENABLE_DEBUG_INFO = NO;
				MTL_FAST_MATH = YES;
				SDKROOT = iphoneos;
				SWIFT_COMPILATION_MODE = wholemodule;
				SWIFT_OPTIMIZATION_LEVEL = "-O";
				VALIDATE_PRODUCT = YES;
			};
			name = Release;
		};
		28E624E42891E4EE006E2338 /* Debug */ = {
			isa = XCBuildConfiguration;
			buildSettings = {
				ASSETCATALOG_COMPILER_APPICON_NAME = AppIcon;
				ASSETCATALOG_COMPILER_GLOBAL_ACCENT_COLOR_NAME = AccentColor;
				CODE_SIGN_STYLE = Automatic;
				CURRENT_PROJECT_VERSION = 1;
				GENERATE_INFOPLIST_FILE = YES;
				INFOPLIST_FILE = Prework/Info.plist;
				INFOPLIST_KEY_UIApplicationSupportsIndirectInputEvents = YES;
				INFOPLIST_KEY_UILaunchStoryboardName = LaunchScreen;
				INFOPLIST_KEY_UIMainStoryboardFile = Main;
				INFOPLIST_KEY_UISupportedInterfaceOrientations_iPad = "UIInterfaceOrientationPortrait UIInterfaceOrientationPortraitUpsideDown UIInterfaceOrientationLandscapeLeft UIInterfaceOrientationLandscapeRight";
				INFOPLIST_KEY_UISupportedInterfaceOrientations_iPhone = "UIInterfaceOrientationPortrait UIInterfaceOrientationLandscapeLeft UIInterfaceOrientationLandscapeRight";
				LD_RUNPATH_SEARCH_PATHS = (
					"$(inherited)",
					"@executable_path/Frameworks",
				);
				MARKETING_VERSION = 1.0;
				PRODUCT_BUNDLE_IDENTIFIER = nugo.com.Prework;
				PRODUCT_NAME = "$(TARGET_NAME)";
				SWIFT_EMIT_LOC_STRINGS = YES;
				SWIFT_VERSION = 5.0;
				TARGETED_DEVICE_FAMILY = "1,2";
			};
			name = Debug;
		};
		28E624E52891E4EE006E2338 /* Release */ = {
			isa = XCBuildConfiguration;
			buildSettings = {
				ASSETCATALOG_COMPILER_APPICON_NAME = AppIcon;
				ASSETCATALOG_COMPILER_GLOBAL_ACCENT_COLOR_NAME = AccentColor;
				CODE_SIGN_STYLE = Automatic;
				CURRENT_PROJECT_VERSION = 1;
				GENERATE_INFOPLIST_FILE = YES;
				INFOPLIST_FILE = Prework/Info.plist;
				INFOPLIST_KEY_UIApplicationSupportsIndirectInputEvents = YES;
				INFOPLIST_KEY_UILaunchStoryboardName = LaunchScreen;
				INFOPLIST_KEY_UIMainStoryboardFile = Main;
				INFOPLIST_KEY_UISupportedInterfaceOrientations_iPad = "UIInterfaceOrientationPortrait UIInterfaceOrientationPortraitUpsideDown UIInterfaceOrientationLandscapeLeft UIInterfaceOrientationLandscapeRight";
				INFOPLIST_KEY_UISupportedInterfaceOrientations_iPhone = "UIInterfaceOrientationPortrait UIInterfaceOrientationLandscapeLeft UIInterfaceOrientationLandscapeRight";
				LD_RUNPATH_SEARCH_PATHS = (
					"$(inherited)",
					"@executable_path/Frameworks",
				);
				MARKETING_VERSION = 1.0;
				PRODUCT_BUNDLE_IDENTIFIER = nugo.com.Prework;
				PRODUCT_NAME = "$(TARGET_NAME)";
				SWIFT_EMIT_LOC_STRINGS = YES;
				SWIFT_VERSION = 5.0;
				TARGETED_DEVICE_FAMILY = "1,2";
			};
			name = Release;
		};
		28E624E72891E4EE006E2338 /* Debug */ = {
			isa = XCBuildConfiguration;
			buildSettings = {
				ALWAYS_EMBED_SWIFT_STANDARD_LIBRARIES = YES;
				BUNDLE_LOADER = "$(TEST_HOST)";
				CODE_SIGN_STYLE = Automatic;
				CURRENT_PROJECT_VERSION = 1;
				GENERATE_INFOPLIST_FILE = YES;
				IPHONEOS_DEPLOYMENT_TARGET = 15.5;
				MARKETING_VERSION = 1.0;
				PRODUCT_BUNDLE_IDENTIFIER = nugo.com.PreworkTests;
				PRODUCT_NAME = "$(TARGET_NAME)";
				SWIFT_EMIT_LOC_STRINGS = NO;
				SWIFT_VERSION = 5.0;
				TARGETED_DEVICE_FAMILY = "1,2";
				TEST_HOST = "$(BUILT_PRODUCTS_DIR)/Prework.app/Prework";
			};
			name = Debug;
		};
		28E624E82891E4EE006E2338 /* Release */ = {
			isa = XCBuildConfiguration;
			buildSettings = {
				ALWAYS_EMBED_SWIFT_STANDARD_LIBRARIES = YES;
				BUNDLE_LOADER = "$(TEST_HOST)";
				CODE_SIGN_STYLE = Automatic;
				CURRENT_PROJECT_VERSION = 1;
				GENERATE_INFOPLIST_FILE = YES;
				IPHONEOS_DEPLOYMENT_TARGET = 15.5;
				MARKETING_VERSION = 1.0;
				PRODUCT_BUNDLE_IDENTIFIER = nugo.com.PreworkTests;
				PRODUCT_NAME = "$(TARGET_NAME)";
				SWIFT_EMIT_LOC_STRINGS = NO;
				SWIFT_VERSION = 5.0;
				TARGETED_DEVICE_FAMILY = "1,2";
				TEST_HOST = "$(BUILT_PRODUCTS_DIR)/Prework.app/Prework";
			};
			name = Release;
		};
		28E624EA2891E4EE006E2338 /* Debug */ = {
			isa = XCBuildConfiguration;
			buildSettings = {
				ALWAYS_EMBED_SWIFT_STANDARD_LIBRARIES = YES;
				CODE_SIGN_STYLE = Automatic;
				CURRENT_PROJECT_VERSION = 1;
				GENERATE_INFOPLIST_FILE = YES;
				MARKETING_VERSION = 1.0;
				PRODUCT_BUNDLE_IDENTIFIER = nugo.com.PreworkUITests;
				PRODUCT_NAME = "$(TARGET_NAME)";
				SWIFT_EMIT_LOC_STRINGS = NO;
				SWIFT_VERSION = 5.0;
				TARGETED_DEVICE_FAMILY = "1,2";
				TEST_TARGET_NAME = Prework;
			};
			name = Debug;
		};
		28E624EB2891E4EE006E2338 /* Release */ = {
			isa = XCBuildConfiguration;
			buildSettings = {
				ALWAYS_EMBED_SWIFT_STANDARD_LIBRARIES = YES;
				CODE_SIGN_STYLE = Automatic;
				CURRENT_PROJECT_VERSION = 1;
				GENERATE_INFOPLIST_FILE = YES;
				MARKETING_VERSION = 1.0;
				PRODUCT_BUNDLE_IDENTIFIER = nugo.com.PreworkUITests;
				PRODUCT_NAME = "$(TARGET_NAME)";
				SWIFT_EMIT_LOC_STRINGS = NO;
				SWIFT_VERSION = 5.0;
				TARGETED_DEVICE_FAMILY = "1,2";
				TEST_TARGET_NAME = Prework;
			};
			name = Release;
		};
/* End XCBuildConfiguration section */

/* Begin XCConfigurationList section */
		28E624B42891E4EB006E2338 /* Build configuration list for PBXProject "Prework" */ = {
			isa = XCConfigurationList;
			buildConfigurations = (
				28E624E12891E4EE006E2338 /* Debug */,
				28E624E22891E4EE006E2338 /* Release */,
			);
			defaultConfigurationIsVisible = 0;
			defaultConfigurationName = Release;
		};
		28E624E32891E4EE006E2338 /* Build configuration list for PBXNativeTarget "Prework" */ = {
			isa = XCConfigurationList;
			buildConfigurations = (
				28E624E42891E4EE006E2338 /* Debug */,
				28E624E52891E4EE006E2338 /* Release */,
			);
			defaultConfigurationIsVisible = 0;
			defaultConfigurationName = Release;
		};
		28E624E62891E4EE006E2338 /* Build configuration list for PBXNativeTarget "PreworkTests" */ = {
			isa = XCConfigurationList;
			buildConfigurations = (
				28E624E72891E4EE006E2338 /* Debug */,
				28E624E82891E4EE006E2338 /* Release */,
			);
			defaultConfigurationIsVisible = 0;
			defaultConfigurationName = Release;
		};
		28E624E92891E4EE006E2338 /* Build configuration list for PBXNativeTarget "PreworkUITests" */ = {
			isa = XCConfigurationList;
			buildConfigurations = (
				28E624EA2891E4EE006E2338 /* Debug */,
				28E624EB2891E4EE006E2338 /* Release */,
			);
			defaultConfigurationIsVisible = 0;
			defaultConfigurationName = Release;
		};
/* End XCConfigurationList section */
	};
	rootObject = 28E624B12891E4EB006E2338 /* Project object */;
}
